// !$*UTF8*$!
{
	archiveVersion = 1;
	classes = {
	};
	objectVersion = 50;
	objects = {

/* Begin PBXBuildFile section */
		291F4B68221B9E0100CDE948 /* AppDelegate.m in Sources */ = {isa = PBXBuildFile; fileRef = 291F4B67221B9E0100CDE948 /* AppDelegate.m */; };
		291F4B6B221B9E0100CDE948 /* ViewController.m in Sources */ = {isa = PBXBuildFile; fileRef = 291F4B6A221B9E0100CDE948 /* ViewController.m */; };
		291F4B6E221B9E0100CDE948 /* Main.storyboard in Resources */ = {isa = PBXBuildFile; fileRef = 291F4B6C221B9E0100CDE948 /* Main.storyboard */; };
		291F4B70221B9E0300CDE948 /* Assets.xcassets in Resources */ = {isa = PBXBuildFile; fileRef = 291F4B6F221B9E0300CDE948 /* Assets.xcassets */; };
		291F4B73221B9E0300CDE948 /* LaunchScreen.storyboard in Resources */ = {isa = PBXBuildFile; fileRef = 291F4B71221B9E0300CDE948 /* LaunchScreen.storyboard */; };
		291F4B76221B9E0300CDE948 /* main.m in Sources */ = {isa = PBXBuildFile; fileRef = 291F4B75221B9E0300CDE948 /* main.m */; };
		291F4B7E221BDEED00CDE948 /* NSObject+NSLocalNotification.m in Sources */ = {isa = PBXBuildFile; fileRef = 291F4B7D221BDEED00CDE948 /* NSObject+NSLocalNotification.m */; };
/* End PBXBuildFile section */

/* Begin PBXFileReference section */
		291F4B63221B9E0100CDE948 /* text.app */ = {isa = PBXFileReference; explicitFileType = wrapper.application; includeInIndex = 0; path = text.app; sourceTree = BUILT_PRODUCTS_DIR; };
		291F4B66221B9E0100CDE948 /* AppDelegate.h */ = {isa = PBXFileReference; lastKnownFileType = sourcecode.c.h; path = AppDelegate.h; sourceTree = "<group>"; };
		291F4B67221B9E0100CDE948 /* AppDelegate.m */ = {isa = PBXFileReference; lastKnownFileType = sourcecode.c.objc; path = AppDelegate.m; sourceTree = "<group>"; };
		291F4B69221B9E0100CDE948 /* ViewController.h */ = {isa = PBXFileReference; lastKnownFileType = sourcecode.c.h; path = ViewController.h; sourceTree = "<group>"; };
		291F4B6A221B9E0100CDE948 /* ViewController.m */ = {isa = PBXFileReference; lastKnownFileType = sourcecode.c.objc; path = ViewController.m; sourceTree = "<group>"; };
		291F4B6D221B9E0100CDE948 /* Base */ = {isa = PBXFileReference; lastKnownFileType = file.storyboard; name = Base; path = Base.lproj/Main.storyboard; sourceTree = "<group>"; };
		291F4B6F221B9E0300CDE948 /* Assets.xcassets */ = {isa = PBXFileReference; lastKnownFileType = folder.assetcatalog; path = Assets.xcassets; sourceTree = "<group>"; };
		291F4B72221B9E0300CDE948 /* Base */ = {isa = PBXFileReference; lastKnownFileType = file.storyboard; name = Base; path = Base.lproj/LaunchScreen.storyboard; sourceTree = "<group>"; };
		291F4B74221B9E0300CDE948 /* Info.plist */ = {isa = PBXFileReference; lastKnownFileType = text.plist.xml; path = Info.plist; sourceTree = "<group>"; };
		291F4B75221B9E0300CDE948 /* main.m */ = {isa = PBXFileReference; lastKnownFileType = sourcecode.c.objc; path = main.m; sourceTree = "<group>"; };
		291F4B7C221BDEED00CDE948 /* NSObject+NSLocalNotification.h */ = {isa = PBXFileReference; lastKnownFileType = sourcecode.c.h; path = "NSObject+NSLocalNotification.h"; sourceTree = "<group>"; };
		291F4B7D221BDEED00CDE948 /* NSObject+NSLocalNotification.m */ = {isa = PBXFileReference; lastKnownFileType = sourcecode.c.objc; path = "NSObject+NSLocalNotification.m"; sourceTree = "<group>"; };
/* End PBXFileReference section */

/* Begin PBXFrameworksBuildPhase section */
		291F4B60221B9E0100CDE948 /* Frameworks */ = {
			isa = PBXFrameworksBuildPhase;
			buildActionMask = 2147483647;
			files = (
			);
			runOnlyForDeploymentPostprocessing = 0;
		};
/* End PBXFrameworksBuildPhase section */

/* Begin PBXGroup section */
		291F4B5A221B9E0100CDE948 = {
			isa = PBXGroup;
			children = (
				291F4B65221B9E0100CDE948 /* text */,
				291F4B64221B9E0100CDE948 /* Products */,
			);
			sourceTree = "<group>";
		};
		291F4B64221B9E0100CDE948 /* Products */ = {
			isa = PBXGroup;
			children = (
				291F4B63221B9E0100CDE948 /* text.app */,
			);
			name = Products;
			sourceTree = "<group>";
		};
		291F4B65221B9E0100CDE948 /* text */ = {
			isa = PBXGroup;
			children = (
				291F4B7C221BDEED00CDE948 /* NSObject+NSLocalNotification.h */,
				291F4B7D221BDEED00CDE948 /* NSObject+NSLocalNotification.m */,
				291F4B66221B9E0100CDE948 /* AppDelegate.h */,
				291F4B67221B9E0100CDE948 /* AppDelegate.m */,
				291F4B69221B9E0100CDE948 /* ViewController.h */,
				291F4B6A221B9E0100CDE948 /* ViewController.m */,
				291F4B6C221B9E0100CDE948 /* Main.storyboard */,
				291F4B6F221B9E0300CDE948 /* Assets.xcassets */,
				291F4B71221B9E0300CDE948 /* LaunchScreen.storyboard */,
				291F4B74221B9E0300CDE948 /* Info.plist */,
				291F4B75221B9E0300CDE948 /* main.m */,
			);
			path = text;
			sourceTree = "<group>";
		};
/* End PBXGroup section */

/* Begin PBXNativeTarget section */
		291F4B62221B9E0100CDE948 /* text */ = {
			isa = PBXNativeTarget;
			buildConfigurationList = 291F4B79221B9E0300CDE948 /* Build configuration list for PBXNativeTarget "text" */;
			buildPhases = (
				291F4B5F221B9E0100CDE948 /* Sources */,
				291F4B60221B9E0100CDE948 /* Frameworks */,
				291F4B61221B9E0100CDE948 /* Resources */,
			);
			buildRules = (
			);
			dependencies = (
			);
			name = text;
			productName = text;
			productReference = 291F4B63221B9E0100CDE948 /* text.app */;
			productType = "com.apple.product-type.application";
		};
/* End PBXNativeTarget section */

/* Begin PBXProject section */
		291F4B5B221B9E0100CDE948 /* Project object */ = {
			isa = PBXProject;
			attributes = {
				LastUpgradeCheck = 1010;
				ORGANIZATIONNAME = MoziTechnology;
				TargetAttributes = {
					291F4B62221B9E0100CDE948 = {
						CreatedOnToolsVersion = 10.1;
					};
				};
			};
			buildConfigurationList = 291F4B5E221B9E0100CDE948 /* Build configuration list for PBXProject "text" */;
			compatibilityVersion = "Xcode 9.3";
			developmentRegion = en;
			hasScannedForEncodings = 0;
			knownRegions = (
				en,
				Base,
			);
			mainGroup = 291F4B5A221B9E0100CDE948;
			productRefGroup = 291F4B64221B9E0100CDE948 /* Products */;
			projectDirPath = "";
			projectRoot = "";
			targets = (
				291F4B62221B9E0100CDE948 /* text */,
			);
		};
/* End PBXProject section */

/* Begin PBXResourcesBuildPhase section */
		291F4B61221B9E0100CDE948 /* Resources */ = {
			isa = PBXResourcesBuildPhase;
			buildActionMask = 2147483647;
			files = (
				291F4B73221B9E0300CDE948 /* LaunchScreen.storyboard in Resources */,
				291F4B70221B9E0300CDE948 /* Assets.xcassets in Resources */,
				291F4B6E221B9E0100CDE948 /* Main.storyboard in Resources */,
			);
			runOnlyForDeploymentPostprocessing = 0;
		};
/* End PBXResourcesBuildPhase section */

/* Begin PBXSourcesBuildPhase section */
		291F4B5F221B9E0100CDE948 /* Sources */ = {
			isa = PBXSourcesBuildPhase;
			buildActionMask = 2147483647;
			files = (
				291F4B6B221B9E0100CDE948 /* ViewController.m in Sources */,
				291F4B76221B9E0300CDE948 /* main.m in Sources */,
				291F4B68221B9E0100CDE948 /* AppDelegate.m in Sources */,
				291F4B7E221BDEED00CDE948 /* NSObject+NSLocalNotification.m in Sources */,
			);
			runOnlyForDeploymentPostprocessing = 0;
		};
/* End PBXSourcesBuildPhase section */

/* Begin PBXVariantGroup section */
		291F4B6C221B9E0100CDE948 /* Main.storyboard */ = {
			isa = PBXVariantGroup;
			children = (
				291F4B6D221B9E0100CDE948 /* Base */,
			);
			name = Main.storyboard;
			sourceTree = "<group>";
		};
		291F4B71221B9E0300CDE948 /* LaunchScreen.storyboard */ = {
			isa = PBXVariantGroup;
			children = (
				291F4B72221B9E0300CDE948 /* Base */,
			);
			name = LaunchScreen.storyboard;
			sourceTree = "<group>";
		};
/* End PBXVariantGroup section */

/* Begin XCBuildConfiguration section */
		291F4B77221B9E0300CDE948 /* Debug */ = {
			isa = XCBuildConfiguration;
			buildSettings = {
				ALWAYS_SEARCH_USER_PATHS = NO;
				CLANG_ANALYZER_NONNULL = YES;
				CLANG_ANALYZER_NUMBER_OBJECT_CONVERSION = YES_AGGRESSIVE;
				CLANG_CXX_LANGUAGE_STANDARD = "gnu++14";
				CLANG_CXX_LIBRARY = "libc++";
				CLANG_ENABLE_MODULES = YES;
				CLANG_ENABLE_OBJC_ARC = YES;
				CLANG_ENABLE_OBJC_WEAK = YES;
				CLANG_WARN_BLOCK_CAPTURE_AUTORELEASING = YES;
				CLANG_WARN_BOOL_CONVERSION = YES;
				CLANG_WARN_COMMA = YES;
				CLANG_WARN_CONSTANT_CONVERSION = YES;
				CLANG_WARN_DEPRECATED_OBJC_IMPLEMENTATIONS = YES;
				CLANG_WARN_DIRECT_OBJC_ISA_USAGE = YES_ERROR;
				CLANG_WARN_DOCUMENTATION_COMMENTS = YES;
				CLANG_WARN_EMPTY_BODY = YES;
				CLANG_WARN_ENUM_CONVERSION = YES;
				CLANG_WARN_INFINITE_RECURSION = YES;
				CLANG_WARN_INT_CONVERSION = YES;
				CLANG_WARN_NON_LITERAL_NULL_CONVERSION = YES;
				CLANG_WARN_OBJC_IMPLICIT_RETAIN_SELF = YES;
				CLANG_WARN_OBJC_LITERAL_CONVERSION = YES;
				CLANG_WARN_OBJC_ROOT_CLASS = YES_ERROR;
				CLANG_WARN_RANGE_LOOP_ANALYSIS = YES;
				CLANG_WARN_STRICT_PROTOTYPES = YES;
				CLANG_WARN_SUSPICIOUS_MOVE = YES;
				CLANG_WARN_UNGUARDED_AVAILABILITY = YES_AGGRESSIVE;
				CLANG_WARN_UNREACHABLE_CODE = YES;
				CLANG_WARN__DUPLICATE_METHOD_MATCH = YES;
				CODE_SIGN_IDENTITY = "iPhone Developer";
				COPY_PHASE_STRIP = NO;
				DEBUG_INFORMATION_FORMAT = dwarf;
				ENABLE_STRICT_OBJC_MSGSEND = YES;
				ENABLE_TESTABILITY = YES;
				GCC_C_LANGUAGE_STANDARD = gnu11;
				GCC_DYNAMIC_NO_PIC = NO;
				GCC_NO_COMMON_BLOCKS = YES;
				GCC_OPTIMIZATION_LEVEL = 0;
				GCC_PREPROCESSOR_DEFINITIONS = (
					"DEBUG=1",
					"$(inherited)",
				);
				GCC_WARN_64_TO_32_BIT_CONVERSION = YES;
				GCC_WARN_ABOUT_RETURN_TYPE = YES_ERROR;
				GCC_WARN_UNDECLARED_SELECTOR = YES;
				GCC_WARN_UNINITIALIZED_AUTOS = YES_AGGRESSIVE;
				GCC_WARN_UNUSED_FUNCTION = YES;
				GCC_WARN_UNUSED_VARIABLE = YES;
				IPHONEOS_DEPLOYMENT_TARGET = 12.1;
				MTL_ENABLE_DEBUG_INFO = INCLUDE_SOURCE;
				MTL_FAST_MATH = YES;
				ONLY_ACTIVE_ARCH = YES;
				SDKROOT = iphoneos;
			};
			name = Debug;
		};
		291F4B78221B9E0300CDE948 /* Release */ = {
			isa = XCBuildConfiguration;
			buildSettings = {
				ALWAYS_SEARCH_USER_PATHS = NO;
				CLANG_ANALYZER_NONNULL = YES;
				CLANG_ANALYZER_NUMBER_OBJECT_CONVERSION = YES_AGGRESSIVE;
				CLANG_CXX_LANGUAGE_STANDARD = "gnu++14";
				CLANG_CXX_LIBRARY = "libc++";
				CLANG_ENABLE_MODULES = YES;
				CLANG_ENABLE_OBJC_ARC = YES;
				CLANG_ENABLE_OBJC_WEAK = YES;
				CLANG_WARN_BLOCK_CAPTURE_AUTORELEASING = YES;
				CLANG_WARN_BOOL_CONVERSION = YES;
				CLANG_WARN_COMMA = YES;
				CLANG_WARN_CONSTANT_CONVERSION = YES;
				CLANG_WARN_DEPRECATED_OBJC_IMPLEMENTATIONS = YES;
				CLANG_WARN_DIRECT_OBJC_ISA_USAGE = YES_ERROR;
				CLANG_WARN_DOCUMENTATION_COMMENTS = YES;
				CLANG_WARN_EMPTY_BODY = YES;
				CLANG_WARN_ENUM_CONVERSION = YES;
				CLANG_WARN_INFINITE_RECURSION = YES;
				CLANG_WARN_INT_CONVERSION = YES;
				CLANG_WARN_NON_LITERAL_NULL_CONVERSION = YES;
				CLANG_WARN_OBJC_IMPLICIT_RETAIN_SELF = YES;
				CLANG_WARN_OBJC_LITERAL_CONVERSION = YES;
				CLANG_WARN_OBJC_ROOT_CLASS = YES_ERROR;
				CLANG_WARN_RANGE_LOOP_ANALYSIS = YES;
				CLANG_WARN_STRICT_PROTOTYPES = YES;
				CLANG_WARN_SUSPICIOUS_MOVE = YES;
				CLANG_WARN_UNGUARDED_AVAILABILITY = YES_AGGRESSIVE;
				CLANG_WARN_UNREACHABLE_CODE = YES;
				CLANG_WARN__DUPLICATE_METHOD_MATCH = YES;
				CODE_SIGN_IDENTITY = "iPhone Developer";
				COPY_PHASE_STRIP = NO;
				DEBUG_INFORMATION_FORMAT = "dwarf-with-dsym";
				ENABLE_NS_ASSERTIONS = NO;
				ENABLE_STRICT_OBJC_MSGSEND = YES;
				GCC_C_LANGUAGE_STANDARD = gnu11;
				GCC_NO_COMMON_BLOCKS = YES;
				GCC_WARN_64_TO_32_BIT_CONVERSION = YES;
				GCC_WARN_ABOUT_RETURN_TYPE = YES_ERROR;
				GCC_WARN_UNDECLARED_SELECTOR = YES;
				GCC_WARN_UNINITIALIZED_AUTOS = YES_AGGRESSIVE;
				GCC_WARN_UNUSED_FUNCTION = YES;
				GCC_WARN_UNUSED_VARIABLE = YES;
				IPHONEOS_DEPLOYMENT_TARGET = 12.1;
				MTL_ENABLE_DEBUG_INFO = NO;
				MTL_FAST_MATH = YES;
				SDKROOT = iphoneos;
				VALIDATE_PRODUCT = YES;
			};
			name = Release;
		};
		291F4B7A221B9E0300CDE948 /* Debug */ = {
			isa = XCBuildConfiguration;
			buildSettings = {
				ASSETCATALOG_COMPILER_APPICON_NAME = AppIcon;
				CODE_SIGN_STYLE = Automatic;
				DEVELOPMENT_TEAM = YQH3G2TB4A;
				INFOPLIST_FILE = text/Info.plist;
				LD_RUNPATH_SEARCH_PATHS = (
					"$(inherited)",
					"@executable_path/Frameworks",
				);
				PRODUCT_BUNDLE_IDENTIFIER = com.mozi.text;
				PRODUCT_NAME = "$(TARGET_NAME)";
				TARGETED_DEVICE_FAMILY = "1,2";
			};
			name = Debug;
		};
		291F4B7B221B9E0300CDE948 /* Release */ = {
			isa = XCBuildConfiguration;
			buildSettings = {
				ASSETCATALOG_COMPILER_APPICON_NAME = AppIcon;
				CODE_SIGN_STYLE = Automatic;
				DEVELOPMENT_TEAM = YQH3G2TB4A;
				INFOPLIST_FILE = text/Info.plist;
				LD_RUNPATH_SEARCH_PATHS = (
					"$(inherited)",
					"@executable_path/Frameworks",
				);
				PRODUCT_BUNDLE_IDENTIFIER = com.mozi.text;
				PRODUCT_NAME = "$(TARGET_NAME)";
				TARGETED_DEVICE_FAMILY = "1,2";
			};
			name = Release;
		};
/* End XCBuildConfiguration section */

/* Begin XCConfigurationList section */
		291F4B5E221B9E0100CDE948 /* Build configuration list for PBXProject "text" */ = {
			isa = XCConfigurationList;
			buildConfigurations = (
				291F4B77221B9E0300CDE948 /* Debug */,
				291F4B78221B9E0300CDE948 /* Release */,
			);
			defaultConfigurationIsVisible = 0;
			defaultConfigurationName = Release;
		};
		291F4B79221B9E0300CDE948 /* Build configuration list for PBXNativeTarget "text" */ = {
			isa = XCConfigurationList;
			buildConfigurations = (
				291F4B7A221B9E0300CDE948 /* Debug */,
				291F4B7B221B9E0300CDE948 /* Release */,
			);
			defaultConfigurationIsVisible = 0;
			defaultConfigurationName = Release;
		};
/* End XCConfigurationList section */
	};
	rootObject = 291F4B5B221B9E0100CDE948 /* Project object */;
}
